PODS:
  - Flutter (1.0.0)
  - flutter_camera_calibration (0.0.1):
    - Flutter

DEPENDENCIES:
  - Flutter (from `Flutter`)
  - flutter_camera_calibration (from `.symlinks/plugins/flutter_camera_calibration/ios`)

EXTERNAL SOURCES:
  Flutter:
    :path: Flutter
  flutter_camera_calibration:
    :path: ".symlinks/plugins/flutter_camera_calibration/ios"

SPEC CHECKSUMS:
  Flutter: f04841e97a9d0b0a8025694d0796dd46242b2854
  flutter_camera_calibration: b87d2ab9994e54c7499f7034af05e872e55c3c2f

PODFILE CHECKSUM: 6b9eb94e9f98a329f2ef624b852a6e42d090af2b

COCOAPODS: 1.12.1
